// !$*UTF8*$!
{
	archiveVersion = 1;
	classes = {
	};
	objectVersion = 50;
	objects = {

/* Begin PBXBuildFile section */
		24AACC9720C7EBF30099847A /* AppDelegate.swift in Sources */ = {isa = PBXBuildFile; fileRef = 24AACC9620C7EBF30099847A /* AppDelegate.swift */; };
		24AACC9920C7EBF30099847A /* ViewController.swift in Sources */ = {isa = PBXBuildFile; fileRef = 24AACC9820C7EBF30099847A /* ViewController.swift */; };
		24AACC9C20C7EBF30099847A /* Main.storyboard in Resources */ = {isa = PBXBuildFile; fileRef = 24AACC9A20C7EBF30099847A /* Main.storyboard */; };
		24AACC9E20C7EBF30099847A /* Assets.xcassets in Resources */ = {isa = PBXBuildFile; fileRef = 24AACC9D20C7EBF30099847A /* Assets.xcassets */; };
		24AACCA120C7EBF30099847A /* LaunchScreen.storyboard in Resources */ = {isa = PBXBuildFile; fileRef = 24AACC9F20C7EBF30099847A /* LaunchScreen.storyboard */; };
		9AC6E1A3FF4B464C397637BF /* libPods-CoverSampleApp.a in Frameworks */ = {isa = PBXBuildFile; fileRef = F2011A390FD0570181D4E7FE /* libPods-CoverSampleApp.a */; };
/* End PBXBuildFile section */

/* Begin PBXFileReference section */
		0B650B4D0AD87C0789196E48 /* Pods-CoverSampleApp.release.xcconfig */ = {isa = PBXFileReference; includeInIndex = 1; lastKnownFileType = text.xcconfig; name = "Pods-CoverSampleApp.release.xcconfig"; path = "Pods/Target Support Files/Pods-CoverSampleApp/Pods-CoverSampleApp.release.xcconfig"; sourceTree = "<group>"; };
		24AACC9320C7EBF30099847A /* CoverSampleApp.app */ = {isa = PBXFileReference; explicitFileType = wrapper.application; includeInIndex = 0; path = CoverSampleApp.app; sourceTree = BUILT_PRODUCTS_DIR; };
		24AACC9620C7EBF30099847A /* AppDelegate.swift */ = {isa = PBXFileReference; lastKnownFileType = sourcecode.swift; path = AppDelegate.swift; sourceTree = "<group>"; };
		24AACC9820C7EBF30099847A /* ViewController.swift */ = {isa = PBXFileReference; lastKnownFileType = sourcecode.swift; path = ViewController.swift; sourceTree = "<group>"; };
		24AACC9B20C7EBF30099847A /* Base */ = {isa = PBXFileReference; lastKnownFileType = file.storyboard; name = Base; path = Base.lproj/Main.storyboard; sourceTree = "<group>"; };
		24AACC9D20C7EBF30099847A /* Assets.xcassets */ = {isa = PBXFileReference; lastKnownFileType = folder.assetcatalog; path = Assets.xcassets; sourceTree = "<group>"; };
		24AACCA020C7EBF30099847A /* Base */ = {isa = PBXFileReference; lastKnownFileType = file.storyboard; name = Base; path = Base.lproj/LaunchScreen.storyboard; sourceTree = "<group>"; };
		24AACCA220C7EBF30099847A /* Info.plist */ = {isa = PBXFileReference; lastKnownFileType = text.plist.xml; path = Info.plist; sourceTree = "<group>"; };
		77EAB37368829643274881E7 /* Pods-CoverSampleApp.debug.xcconfig */ = {isa = PBXFileReference; includeInIndex = 1; lastKnownFileType = text.xcconfig; name = "Pods-CoverSampleApp.debug.xcconfig"; path = "Pods/Target Support Files/Pods-CoverSampleApp/Pods-CoverSampleApp.debug.xcconfig"; sourceTree = "<group>"; };
		F2011A390FD0570181D4E7FE /* libPods-CoverSampleApp.a */ = {isa = PBXFileReference; explicitFileType = archive.ar; includeInIndex = 0; path = "libPods-CoverSampleApp.a"; sourceTree = BUILT_PRODUCTS_DIR; };
/* End PBXFileReference section */

/* Begin PBXFrameworksBuildPhase section */
		24AACC9020C7EBF30099847A /* Frameworks */ = {
			isa = PBXFrameworksBuildPhase;
			buildActionMask = 2147483647;
			files = (
				9AC6E1A3FF4B464C397637BF /* libPods-CoverSampleApp.a in Frameworks */,
			);
			runOnlyForDeploymentPostprocessing = 0;
		};
/* End PBXFrameworksBuildPhase section */

/* Begin PBXGroup section */
		24AACC8A20C7EBF30099847A = {
			isa = PBXGroup;
			children = (
				24AACC9520C7EBF30099847A /* CoverSampleApp */,
				24AACC9420C7EBF30099847A /* Products */,
				DD3D1532AC8C86F5ABC68317 /* Pods */,
				BA5A171CB5D60E4E2A0CF7FD /* Frameworks */,
			);
			sourceTree = "<group>";
		};
		24AACC9420C7EBF30099847A /* Products */ = {
			isa = PBXGroup;
			children = (
				24AACC9320C7EBF30099847A /* CoverSampleApp.app */,
			);
			name = Products;
			sourceTree = "<group>";
		};
		24AACC9520C7EBF30099847A /* CoverSampleApp */ = {
			isa = PBXGroup;
			children = (
				24AACC9620C7EBF30099847A /* AppDelegate.swift */,
				24AACC9820C7EBF30099847A /* ViewController.swift */,
				24AACC9A20C7EBF30099847A /* Main.storyboard */,
				24AACC9D20C7EBF30099847A /* Assets.xcassets */,
				24AACC9F20C7EBF30099847A /* LaunchScreen.storyboard */,
				24AACCA220C7EBF30099847A /* Info.plist */,
			);
			path = CoverSampleApp;
			sourceTree = "<group>";
		};
		BA5A171CB5D60E4E2A0CF7FD /* Frameworks */ = {
			isa = PBXGroup;
			children = (
				F2011A390FD0570181D4E7FE /* libPods-CoverSampleApp.a */,
			);
			name = Frameworks;
			sourceTree = "<group>";
		};
		DD3D1532AC8C86F5ABC68317 /* Pods */ = {
			isa = PBXGroup;
			children = (
				77EAB37368829643274881E7 /* Pods-CoverSampleApp.debug.xcconfig */,
				0B650B4D0AD87C0789196E48 /* Pods-CoverSampleApp.release.xcconfig */,
			);
			name = Pods;
			sourceTree = "<group>";
		};
/* End PBXGroup section */

/* Begin PBXNativeTarget section */
		24AACC9220C7EBF30099847A /* CoverSampleApp */ = {
			isa = PBXNativeTarget;
			buildConfigurationList = 24AACCA520C7EBF30099847A /* Build configuration list for PBXNativeTarget "CoverSampleApp" */;
			buildPhases = (
				737C7D49D5A2D8389A8F9FA7 /* [CP] Check Pods Manifest.lock */,
				24AACC8F20C7EBF30099847A /* Sources */,
				24AACC9020C7EBF30099847A /* Frameworks */,
				24AACC9120C7EBF30099847A /* Resources */,
			);
			buildRules = (
			);
			dependencies = (
			);
			name = CoverSampleApp;
			productName = CoverSampleApp;
			productReference = 24AACC9320C7EBF30099847A /* CoverSampleApp.app */;
			productType = "com.apple.product-type.application";
		};
/* End PBXNativeTarget section */

/* Begin PBXProject section */
		24AACC8B20C7EBF30099847A /* Project object */ = {
			isa = PBXProject;
			attributes = {
				LastSwiftUpdateCheck = 0940;
				LastUpgradeCheck = 0940;
				ORGANIZATIONNAME = tm;
				TargetAttributes = {
					24AACC9220C7EBF30099847A = {
						CreatedOnToolsVersion = 9.4;
					};
				};
			};
			buildConfigurationList = 24AACC8E20C7EBF30099847A /* Build configuration list for PBXProject "CoverSampleApp" */;
			compatibilityVersion = "Xcode 9.3";
			developmentRegion = en;
			hasScannedForEncodings = 0;
			knownRegions = (
				en,
				Base,
			);
			mainGroup = 24AACC8A20C7EBF30099847A;
			productRefGroup = 24AACC9420C7EBF30099847A /* Products */;
			projectDirPath = "";
			projectRoot = "";
			targets = (
				24AACC9220C7EBF30099847A /* CoverSampleApp */,
			);
		};
/* End PBXProject section */

/* Begin PBXResourcesBuildPhase section */
		24AACC9120C7EBF30099847A /* Resources */ = {
			isa = PBXResourcesBuildPhase;
			buildActionMask = 2147483647;
			files = (
				24AACCA120C7EBF30099847A /* LaunchScreen.storyboard in Resources */,
				24AACC9E20C7EBF30099847A /* Assets.xcassets in Resources */,
				24AACC9C20C7EBF30099847A /* Main.storyboard in Resources */,
			);
			runOnlyForDeploymentPostprocessing = 0;
		};
/* End PBXResourcesBuildPhase section */

/* Begin PBXShellScriptBuildPhase section */
		737C7D49D5A2D8389A8F9FA7 /* [CP] Check Pods Manifest.lock */ = {
			isa = PBXShellScriptBuildPhase;
			buildActionMask = 2147483647;
			files = (
			);
			inputPaths = (
				"${PODS_PODFILE_DIR_PATH}/Podfile.lock",
				"${PODS_ROOT}/Manifest.lock",
			);
			name = "[CP] Check Pods Manifest.lock";
			outputPaths = (
				"$(DERIVED_FILE_DIR)/Pods-CoverSampleApp-checkManifestLockResult.txt",
			);
			runOnlyForDeploymentPostprocessing = 0;
			shellPath = /bin/sh;
			shellScript = "diff \"${PODS_PODFILE_DIR_PATH}/Podfile.lock\" \"${PODS_ROOT}/Manifest.lock\" > /dev/null\nif [ $? != 0 ] ; then\n    # print error to STDERR\n    echo \"error: The sandbox is not in sync with the Podfile.lock. Run 'pod install' or update your CocoaPods installation.\" >&2\n    exit 1\nfi\n# This output is used by Xcode 'outputs' to avoid re-running this script phase.\necho \"SUCCESS\" > \"${SCRIPT_OUTPUT_FILE_0}\"\n";
			showEnvVarsInLog = 0;
		};
/* End PBXShellScriptBuildPhase section */

/* Begin PBXSourcesBuildPhase section */
		24AACC8F20C7EBF30099847A /* Sources */ = {
			isa = PBXSourcesBuildPhase;
			buildActionMask = 2147483647;
			files = (
				24AACC9920C7EBF30099847A /* ViewController.swift in Sources */,
				24AACC9720C7EBF30099847A /* AppDelegate.swift in Sources */,
			);
			runOnlyForDeploymentPostprocessing = 0;
		};
/* End PBXSourcesBuildPhase section */

/* Begin PBXVariantGroup section */
		24AACC9A20C7EBF30099847A /* Main.storyboard */ = {
			isa = PBXVariantGroup;
			children = (
				24AACC9B20C7EBF30099847A /* Base */,
			);
			name = Main.storyboard;
			sourceTree = "<group>";
		};
		24AACC9F20C7EBF30099847A /* LaunchScreen.storyboard */ = {
			isa = PBXVariantGroup;
			children = (
				24AACCA020C7EBF30099847A /* Base */,
			);
			name = LaunchScreen.storyboard;
			sourceTree = "<group>";
		};
/* End PBXVariantGroup section */

/* Begin XCBuildConfiguration section */
		24AACCA320C7EBF30099847A /* Debug */ = {
			isa = XCBuildConfiguration;
			buildSettings = {
				ALWAYS_SEARCH_USER_PATHS = NO;
				CLANG_ANALYZER_NONNULL = YES;
				CLANG_ANALYZER_NUMBER_OBJECT_CONVERSION = YES_AGGRESSIVE;
				CLANG_CXX_LANGUAGE_STANDARD = "gnu++14";
				CLANG_CXX_LIBRARY = "libc++";
				CLANG_ENABLE_MODULES = YES;
				CLANG_ENABLE_OBJC_ARC = YES;
				CLANG_ENABLE_OBJC_WEAK = YES;
				CLANG_WARN_BLOCK_CAPTURE_AUTORELEASING = YES;
				CLANG_WARN_BOOL_CONVERSION = YES;
				CLANG_WARN_COMMA = YES;
				CLANG_WARN_CONSTANT_CONVERSION = YES;
				CLANG_WARN_DEPRECATED_OBJC_IMPLEMENTATIONS = YES;
				CLANG_WARN_DIRECT_OBJC_ISA_USAGE = YES_ERROR;
				CLANG_WARN_DOCUMENTATION_COMMENTS = YES;
				CLANG_WARN_EMPTY_BODY = YES;
				CLANG_WARN_ENUM_CONVERSION = YES;
				CLANG_WARN_INFINITE_RECURSION = YES;
				CLANG_WARN_INT_CONVERSION = YES;
				CLANG_WARN_NON_LITERAL_NULL_CONVERSION = YES;
				CLANG_WARN_OBJC_IMPLICIT_RETAIN_SELF = YES;
				CLANG_WARN_OBJC_LITERAL_CONVERSION = YES;
				CLANG_WARN_OBJC_ROOT_CLASS = YES_ERROR;
				CLANG_WARN_RANGE_LOOP_ANALYSIS = YES;
				CLANG_WARN_STRICT_PROTOTYPES = YES;
				CLANG_WARN_SUSPICIOUS_MOVE = YES;
				CLANG_WARN_UNGUARDED_AVAILABILITY = YES_AGGRESSIVE;
				CLANG_WARN_UNREACHABLE_CODE = YES;
				CLANG_WARN__DUPLICATE_METHOD_MATCH = YES;
				CODE_SIGN_IDENTITY = "iPhone Developer";
				COPY_PHASE_STRIP = NO;
				DEBUG_INFORMATION_FORMAT = dwarf;
				ENABLE_STRICT_OBJC_MSGSEND = YES;
				ENABLE_TESTABILITY = YES;
				GCC_C_LANGUAGE_STANDARD = gnu11;
				GCC_DYNAMIC_NO_PIC = NO;
				GCC_NO_COMMON_BLOCKS = YES;
				GCC_OPTIMIZATION_LEVEL = 0;
				GCC_PREPROCESSOR_DEFINITIONS = (
					"DEBUG=1",
					"$(inherited)",
				);
				GCC_WARN_64_TO_32_BIT_CONVERSION = YES;
				GCC_WARN_ABOUT_RETURN_TYPE = YES_ERROR;
				GCC_WARN_UNDECLARED_SELECTOR = YES;
				GCC_WARN_UNINITIALIZED_AUTOS = YES_AGGRESSIVE;
				GCC_WARN_UNUSED_FUNCTION = YES;
				GCC_WARN_UNUSED_VARIABLE = YES;
				IPHONEOS_DEPLOYMENT_TARGET = 11.4;
				MTL_ENABLE_DEBUG_INFO = YES;
				ONLY_ACTIVE_ARCH = YES;
				SDKROOT = iphoneos;
				SWIFT_ACTIVE_COMPILATION_CONDITIONS = DEBUG;
				SWIFT_OPTIMIZATION_LEVEL = "-Onone";
			};
			name = Debug;
		};
		24AACCA420C7EBF30099847A /* Release */ = {
			isa = XCBuildConfiguration;
			buildSettings = {
				ALWAYS_SEARCH_USER_PATHS = NO;
				CLANG_ANALYZER_NONNULL = YES;
				CLANG_ANALYZER_NUMBER_OBJECT_CONVERSION = YES_AGGRESSIVE;
				CLANG_CXX_LANGUAGE_STANDARD = "gnu++14";
				CLANG_CXX_LIBRARY = "libc++";
				CLANG_ENABLE_MODULES = YES;
				CLANG_ENABLE_OBJC_ARC = YES;
				CLANG_ENABLE_OBJC_WEAK = YES;
				CLANG_WARN_BLOCK_CAPTURE_AUTORELEASING = YES;
				CLANG_WARN_BOOL_CONVERSION = YES;
				CLANG_WARN_COMMA = YES;
				CLANG_WARN_CONSTANT_CONVERSION = YES;
				CLANG_WARN_DEPRECATED_OBJC_IMPLEMENTATIONS = YES;
				CLANG_WARN_DIRECT_OBJC_ISA_USAGE = YES_ERROR;
				CLANG_WARN_DOCUMENTATION_COMMENTS = YES;
				CLANG_WARN_EMPTY_BODY = YES;
				CLANG_WARN_ENUM_CONVERSION = YES;
				CLANG_WARN_INFINITE_RECURSION = YES;
				CLANG_WARN_INT_CONVERSION = YES;
				CLANG_WARN_NON_LITERAL_NULL_CONVERSION = YES;
				CLANG_WARN_OBJC_IMPLICIT_RETAIN_SELF = YES;
				CLANG_WARN_OBJC_LITERAL_CONVERSION = YES;
				CLANG_WARN_OBJC_ROOT_CLASS = YES_ERROR;
				CLANG_WARN_RANGE_LOOP_ANALYSIS = YES;
				CLANG_WARN_STRICT_PROTOTYPES = YES;
				CLANG_WARN_SUSPICIOUS_MOVE = YES;
				CLANG_WARN_UNGUARDED_AVAILABILITY = YES_AGGRESSIVE;
				CLANG_WARN_UNREACHABLE_CODE = YES;
				CLANG_WARN__DUPLICATE_METHOD_MATCH = YES;
				CODE_SIGN_IDENTITY = "iPhone Developer";
				COPY_PHASE_STRIP = NO;
				DEBUG_INFORMATION_FORMAT = "dwarf-with-dsym";
				ENABLE_NS_ASSERTIONS = NO;
				ENABLE_STRICT_OBJC_MSGSEND = YES;
				GCC_C_LANGUAGE_STANDARD = gnu11;
				GCC_NO_COMMON_BLOCKS = YES;
				GCC_WARN_64_TO_32_BIT_CONVERSION = YES;
				GCC_WARN_ABOUT_RETURN_TYPE = YES_ERROR;
				GCC_WARN_UNDECLARED_SELECTOR = YES;
				GCC_WARN_UNINITIALIZED_AUTOS = YES_AGGRESSIVE;
				GCC_WARN_UNUSED_FUNCTION = YES;
				GCC_WARN_UNUSED_VARIABLE = YES;
				IPHONEOS_DEPLOYMENT_TARGET = 11.4;
				MTL_ENABLE_DEBUG_INFO = NO;
				SDKROOT = iphoneos;
				SWIFT_COMPILATION_MODE = wholemodule;
				SWIFT_OPTIMIZATION_LEVEL = "-O";
				VALIDATE_PRODUCT = YES;
			};
			name = Release;
		};
		24AACCA620C7EBF30099847A /* Debug */ = {
			isa = XCBuildConfiguration;
			baseConfigurationReference = 77EAB37368829643274881E7 /* Pods-CoverSampleApp.debug.xcconfig */;
			buildSettings = {
				ASSETCATALOG_COMPILER_APPICON_NAME = AppIcon;
				CODE_SIGN_STYLE = Automatic;
				DEVELOPMENT_TEAM = 4C34FT6ABU;
				INFOPLIST_FILE = CoverSampleApp/Info.plist;
				LD_RUNPATH_SEARCH_PATHS = (
					"$(inherited)",
					"@executable_path/Frameworks",
				);
				PRODUCT_BUNDLE_IDENTIFIER = com.tm.CoverSampleApp;
				PRODUCT_NAME = "$(TARGET_NAME)";
				SWIFT_VERSION = 4.0;
				TARGETED_DEVICE_FAMILY = "1,2";
			};
			name = Debug;
		};
		24AACCA720C7EBF30099847A /* Release */ = {
			isa = XCBuildConfiguration;
			baseConfigurationReference = 0B650B4D0AD87C0789196E48 /* Pods-CoverSampleApp.release.xcconfig */;
			buildSettings = {
				ASSETCATALOG_COMPILER_APPICON_NAME = AppIcon;
				CODE_SIGN_STYLE = Automatic;
				DEVELOPMENT_TEAM = 4C34FT6ABU;
				INFOPLIST_FILE = CoverSampleApp/Info.plist;
				LD_RUNPATH_SEARCH_PATHS = (
					"$(inherited)",
					"@executable_path/Frameworks",
				);
				PRODUCT_BUNDLE_IDENTIFIER = com.tm.CoverSampleApp;
				PRODUCT_NAME = "$(TARGET_NAME)";
				SWIFT_VERSION = 4.0;
				TARGETED_DEVICE_FAMILY = "1,2";
			};
			name = Release;
		};
/* End XCBuildConfiguration section */

/* Begin XCConfigurationList section */
		24AACC8E20C7EBF30099847A /* Build configuration list for PBXProject "CoverSampleApp" */ = {
			isa = XCConfigurationList;
			buildConfigurations = (
				24AACCA320C7EBF30099847A /* Debug */,
				24AACCA420C7EBF30099847A /* Release */,
			);
			defaultConfigurationIsVisible = 0;
			defaultConfigurationName = Release;
		};
		24AACCA520C7EBF30099847A /* Build configuration list for PBXNativeTarget "CoverSampleApp" */ = {
			isa = XCConfigurationList;
			buildConfigurations = (
				24AACCA620C7EBF30099847A /* Debug */,
				24AACCA720C7EBF30099847A /* Release */,
			);
			defaultConfigurationIsVisible = 0;
			defaultConfigurationName = Release;
		};
/* End XCConfigurationList section */
	};
	rootObject = 24AACC8B20C7EBF30099847A /* Project object */;
}
